
Microsoft Visual Studio Solution File, Format Version 12.00
# Visual Studio Version 17
VisualStudioVersion = 17.11.35303.130
MinimumVisualStudioVersion = 10.0.40219.1
Project("{2150E333-8FDC-42A3-9474-1A3956D46DE8}") = "Task0", "Task0", "{823A513F-6157-4103-9995-760ECA7AC602}"
EndProject
Project("{FAE04EC0-301F-11D3-BF4B-00C04F79EFBC}") = "Tyuiu.ArapovTY.Sprint0.Task0", "Tyuiu.ArapovTY.Sprint0.Task0\Tyuiu.ArapovTY.Sprint0.Task0.csproj", "{DDDC4DBC-44AA-4172-AC40-3579DE264E33}"
EndProject
Project("{2150E333-8FDC-42A3-9474-1A3956D46DE8}") = "Task1", "Task1", "{71609F95-A769-4004-9683-D58C672DF525}"
EndProject
Project("{FAE04EC0-301F-11D3-BF4B-00C04F79EFBC}") = "Tyuiu.ArapovTY.Sprint0.Task1", "Tyuiu.ArapovTY.Sprint0.Task1\Tyuiu.ArapovTY.Sprint0.Task1.csproj", "{8810B93B-9ADE-4EC3-9F46-4DC896A3B3DC}"
EndProject
Global
	GlobalSection(SolutionConfigurationPlatforms) = preSolution
		Debug|Any CPU = Debug|Any CPU
		Release|Any CPU = Release|Any CPU
	EndGlobalSection
	GlobalSection(ProjectConfigurationPlatforms) = postSolution
		{DDDC4DBC-44AA-4172-AC40-3579DE264E33}.Debug|Any CPU.ActiveCfg = Debug|Any CPU
		{DDDC4DBC-44AA-4172-AC40-3579DE264E33}.Debug|Any CPU.Build.0 = Debug|Any CPU
		{DDDC4DBC-44AA-4172-AC40-3579DE264E33}.Release|Any CPU.ActiveCfg = Release|Any CPU
		{DDDC4DBC-44AA-4172-AC40-3579DE264E33}.Release|Any CPU.Build.0 = Release|Any CPU
		{8810B93B-9ADE-4EC3-9F46-4DC896A3B3DC}.Debug|Any CPU.ActiveCfg = Debug|Any CPU
		{8810B93B-9ADE-4EC3-9F46-4DC896A3B3DC}.Debug|Any CPU.Build.0 = Debug|Any CPU
		{8810B93B-9ADE-4EC3-9F46-4DC896A3B3DC}.Release|Any CPU.ActiveCfg = Release|Any CPU
		{8810B93B-9ADE-4EC3-9F46-4DC896A3B3DC}.Release|Any CPU.Build.0 = Release|Any CPU
	EndGlobalSection
	GlobalSection(SolutionProperties) = preSolution
		HideSolutionNode = FALSE
	EndGlobalSection
	GlobalSection(NestedProjects) = preSolution
		{DDDC4DBC-44AA-4172-AC40-3579DE264E33} = {823A513F-6157-4103-9995-760ECA7AC602}
		{8810B93B-9ADE-4EC3-9F46-4DC896A3B3DC} = {71609F95-A769-4004-9683-D58C672DF525}
	EndGlobalSection
	GlobalSection(ExtensibilityGlobals) = postSolution
		SolutionGuid = {0A67A1AD-46DF-4126-AF9D-4B41844843A8}
	EndGlobalSection
EndGlobal
