
Microsoft Visual Studio Solution File, Format Version 12.00
# Visual Studio Version 17
VisualStudioVersion = 17.11.35303.130
MinimumVisualStudioVersion = 10.0.40219.1
Project("{2150E333-8FDC-42A3-9474-1A3956D46DE8}") = "Task0", "Task0", "{823A513F-6157-4103-9995-760ECA7AC602}"
EndProject
Project("{9A19103F-16F7-4668-BE54-9A1E7A4F7556}") = "Tyuiu.ArapovTY.Sprint0.Task0", "Tyuiu.ArapovTY.Sprint0.Task0\Tyuiu.ArapovTY.Sprint0.Task0.csproj", "{DDDC4DBC-44AA-4172-AC40-3579DE264E33}"
EndProject
Project("{2150E333-8FDC-42A3-9474-1A3956D46DE8}") = "Task1", "Task1", "{71609F95-A769-4004-9683-D58C672DF525}"
EndProject
Project("{9A19103F-16F7-4668-BE54-9A1E7A4F7556}") = "Tyuiu.ArapovTY.Sprint0.Task1", "Tyuiu.ArapovTY.Sprint0.Task1\Tyuiu.ArapovTY.Sprint0.Task1.csproj", "{8810B93B-9ADE-4EC3-9F46-4DC896A3B3DC}"
EndProject
Project("{2150E333-8FDC-42A3-9474-1A3956D46DE8}") = "Task2", "Task2", "{D6DEF224-7196-40CF-98F3-46B79E3B999E}"
EndProject
Project("{9A19103F-16F7-4668-BE54-9A1E7A4F7556}") = "Tyuiu.ArapovTY.Sprint0.Task2.V0", "Tyuiu.ArapovTY.Sprint0.Task2.V0\Tyuiu.ArapovTY.Sprint0.Task2.V0.csproj", "{DDE908F7-C22A-480C-9FB1-24A7CD0598EC}"
EndProject
Project("{FAE04EC0-301F-11D3-BF4B-00C04F79EFBC}") = "Tyuiu.ArapovTY.Sprint0.Task2.V0.Lib", "Tyuiu.ArapovTY.Sprint0.Task2.V0.Lib\Tyuiu.ArapovTY.Sprint0.Task2.V0.Lib.csproj", "{8F2C7CAC-4CA3-4C93-ABEB-D801B7D9CE72}"
EndProject
Project("{FAE04EC0-301F-11D3-BF4B-00C04F79EFBC}") = "Tyuiu.ArapovTY.Sprint0.Task2.V0.Test", "Tyuiu.ArapovTY.Sprint0.Task2.V0.Test\Tyuiu.ArapovTY.Sprint0.Task2.V0.Test.csproj", "{3DD89472-E438-42D3-A63D-6BF9C488A6B9}"
EndProject
Project("{2150E333-8FDC-42A3-9474-1A3956D46DE8}") = "Task3", "Task3", "{3987C5AC-9633-40DA-B00D-B01B56C0E511}"
EndProject
Project("{FAE04EC0-301F-11D3-BF4B-00C04F79EFBC}") = "Tyuiu.ArapovTY.Sprint0.Task3.V0", "Tyuiu.ArapovTY.Sprint0.Task3.V0\Tyuiu.ArapovTY.Sprint0.Task3.V0.csproj", "{849CCF7B-60A8-4FA8-9914-46E86C3370BC}"
EndProject
Project("{FAE04EC0-301F-11D3-BF4B-00C04F79EFBC}") = "Tyuiu.ArapovTY.Sprint0.Task3.V0.Lib", "Tyuiu.ArapovTY.Sprint0.Task3.V0.Lib\Tyuiu.ArapovTY.Sprint0.Task3.V0.Lib.csproj", "{7CC29CD0-2247-463A-9489-50C51C1520DD}"
EndProject
Project("{FAE04EC0-301F-11D3-BF4B-00C04F79EFBC}") = "Tyuiu.ArapovTY.Sprint0.Task3.V0.Test", "Tyuiu.ArapovTY.Sprint0.Task3.V0.Test\Tyuiu.ArapovTY.Sprint0.Task3.V0.Test.csproj", "{AF1503D1-1CC3-4139-8190-99E0CC9F7DA8}"
EndProject
Project("{2150E333-8FDC-42A3-9474-1A3956D46DE8}") = "Task4", "Task4", "{F2FD168A-3874-442D-BE48-CB9F5EC7F755}"
EndProject
Project("{FAE04EC0-301F-11D3-BF4B-00C04F79EFBC}") = "Tyuiu.ArapovTY.Sprint0.Task4.V0", "Tyuiu.ArapovTY.Sprint0.Task4.V0\Tyuiu.ArapovTY.Sprint0.Task4.V0.csproj", "{07D07EEB-23F1-463E-A1D6-49932FF7D976}"
EndProject
Project("{FAE04EC0-301F-11D3-BF4B-00C04F79EFBC}") = "Tyuiu.ArapovTY.Sprint0.Task4.V0.Lib", "Tyuiu.ArapovTY.Sprint0.Task4.V0.Lib\Tyuiu.ArapovTY.Sprint0.Task4.V0.Lib.csproj", "{AC42757F-003D-42C0-942F-4C6D6C914E8D}"
EndProject
Project("{FAE04EC0-301F-11D3-BF4B-00C04F79EFBC}") = "Tyuiu.ArapovTY.Sprint0.Task4.V0.Test", "Tyuiu.ArapovTY.Sprint0.Task4.V0.Test\Tyuiu.ArapovTY.Sprint0.Task4.V0.Test.csproj", "{E5AAD9DF-6563-43C4-84CA-30D1E7B1B1D0}"
EndProject
Global
	GlobalSection(SolutionConfigurationPlatforms) = preSolution
		Debug|Any CPU = Debug|Any CPU
		Release|Any CPU = Release|Any CPU
	EndGlobalSection
	GlobalSection(ProjectConfigurationPlatforms) = postSolution
		{DDDC4DBC-44AA-4172-AC40-3579DE264E33}.Debug|Any CPU.ActiveCfg = Debug|Any CPU
		{DDDC4DBC-44AA-4172-AC40-3579DE264E33}.Debug|Any CPU.Build.0 = Debug|Any CPU
		{DDDC4DBC-44AA-4172-AC40-3579DE264E33}.Release|Any CPU.ActiveCfg = Release|Any CPU
		{DDDC4DBC-44AA-4172-AC40-3579DE264E33}.Release|Any CPU.Build.0 = Release|Any CPU
		{8810B93B-9ADE-4EC3-9F46-4DC896A3B3DC}.Debug|Any CPU.ActiveCfg = Debug|Any CPU
		{8810B93B-9ADE-4EC3-9F46-4DC896A3B3DC}.Debug|Any CPU.Build.0 = Debug|Any CPU
		{8810B93B-9ADE-4EC3-9F46-4DC896A3B3DC}.Release|Any CPU.ActiveCfg = Release|Any CPU
		{8810B93B-9ADE-4EC3-9F46-4DC896A3B3DC}.Release|Any CPU.Build.0 = Release|Any CPU
		{DDE908F7-C22A-480C-9FB1-24A7CD0598EC}.Debug|Any CPU.ActiveCfg = Debug|Any CPU
		{DDE908F7-C22A-480C-9FB1-24A7CD0598EC}.Debug|Any CPU.Build.0 = Debug|Any CPU
		{DDE908F7-C22A-480C-9FB1-24A7CD0598EC}.Release|Any CPU.ActiveCfg = Release|Any CPU
		{DDE908F7-C22A-480C-9FB1-24A7CD0598EC}.Release|Any CPU.Build.0 = Release|Any CPU
		{8F2C7CAC-4CA3-4C93-ABEB-D801B7D9CE72}.Debug|Any CPU.ActiveCfg = Debug|Any CPU
		{8F2C7CAC-4CA3-4C93-ABEB-D801B7D9CE72}.Debug|Any CPU.Build.0 = Debug|Any CPU
		{8F2C7CAC-4CA3-4C93-ABEB-D801B7D9CE72}.Release|Any CPU.ActiveCfg = Release|Any CPU
		{8F2C7CAC-4CA3-4C93-ABEB-D801B7D9CE72}.Release|Any CPU.Build.0 = Release|Any CPU
		{3DD89472-E438-42D3-A63D-6BF9C488A6B9}.Debug|Any CPU.ActiveCfg = Debug|Any CPU
		{3DD89472-E438-42D3-A63D-6BF9C488A6B9}.Debug|Any CPU.Build.0 = Debug|Any CPU
		{3DD89472-E438-42D3-A63D-6BF9C488A6B9}.Release|Any CPU.ActiveCfg = Release|Any CPU
		{3DD89472-E438-42D3-A63D-6BF9C488A6B9}.Release|Any CPU.Build.0 = Release|Any CPU
		{849CCF7B-60A8-4FA8-9914-46E86C3370BC}.Debug|Any CPU.ActiveCfg = Debug|Any CPU
		{849CCF7B-60A8-4FA8-9914-46E86C3370BC}.Debug|Any CPU.Build.0 = Debug|Any CPU
		{849CCF7B-60A8-4FA8-9914-46E86C3370BC}.Release|Any CPU.ActiveCfg = Release|Any CPU
		{849CCF7B-60A8-4FA8-9914-46E86C3370BC}.Release|Any CPU.Build.0 = Release|Any CPU
		{7CC29CD0-2247-463A-9489-50C51C1520DD}.Debug|Any CPU.ActiveCfg = Debug|Any CPU
		{7CC29CD0-2247-463A-9489-50C51C1520DD}.Debug|Any CPU.Build.0 = Debug|Any CPU
		{7CC29CD0-2247-463A-9489-50C51C1520DD}.Release|Any CPU.ActiveCfg = Release|Any CPU
		{7CC29CD0-2247-463A-9489-50C51C1520DD}.Release|Any CPU.Build.0 = Release|Any CPU
		{AF1503D1-1CC3-4139-8190-99E0CC9F7DA8}.Debug|Any CPU.ActiveCfg = Debug|Any CPU
		{AF1503D1-1CC3-4139-8190-99E0CC9F7DA8}.Debug|Any CPU.Build.0 = Debug|Any CPU
		{AF1503D1-1CC3-4139-8190-99E0CC9F7DA8}.Release|Any CPU.ActiveCfg = Release|Any CPU
		{AF1503D1-1CC3-4139-8190-99E0CC9F7DA8}.Release|Any CPU.Build.0 = Release|Any CPU
		{07D07EEB-23F1-463E-A1D6-49932FF7D976}.Debug|Any CPU.ActiveCfg = Debug|Any CPU
		{07D07EEB-23F1-463E-A1D6-49932FF7D976}.Debug|Any CPU.Build.0 = Debug|Any CPU
		{07D07EEB-23F1-463E-A1D6-49932FF7D976}.Release|Any CPU.ActiveCfg = Release|Any CPU
		{07D07EEB-23F1-463E-A1D6-49932FF7D976}.Release|Any CPU.Build.0 = Release|Any CPU
		{AC42757F-003D-42C0-942F-4C6D6C914E8D}.Debug|Any CPU.ActiveCfg = Debug|Any CPU
		{AC42757F-003D-42C0-942F-4C6D6C914E8D}.Debug|Any CPU.Build.0 = Debug|Any CPU
		{AC42757F-003D-42C0-942F-4C6D6C914E8D}.Release|Any CPU.ActiveCfg = Release|Any CPU
		{AC42757F-003D-42C0-942F-4C6D6C914E8D}.Release|Any CPU.Build.0 = Release|Any CPU
		{E5AAD9DF-6563-43C4-84CA-30D1E7B1B1D0}.Debug|Any CPU.ActiveCfg = Debug|Any CPU
		{E5AAD9DF-6563-43C4-84CA-30D1E7B1B1D0}.Debug|Any CPU.Build.0 = Debug|Any CPU
		{E5AAD9DF-6563-43C4-84CA-30D1E7B1B1D0}.Release|Any CPU.ActiveCfg = Release|Any CPU
		{E5AAD9DF-6563-43C4-84CA-30D1E7B1B1D0}.Release|Any CPU.Build.0 = Release|Any CPU
	EndGlobalSection
	GlobalSection(SolutionProperties) = preSolution
		HideSolutionNode = FALSE
	EndGlobalSection
	GlobalSection(NestedProjects) = preSolution
		{DDDC4DBC-44AA-4172-AC40-3579DE264E33} = {823A513F-6157-4103-9995-760ECA7AC602}
		{8810B93B-9ADE-4EC3-9F46-4DC896A3B3DC} = {71609F95-A769-4004-9683-D58C672DF525}
		{DDE908F7-C22A-480C-9FB1-24A7CD0598EC} = {D6DEF224-7196-40CF-98F3-46B79E3B999E}
		{8F2C7CAC-4CA3-4C93-ABEB-D801B7D9CE72} = {D6DEF224-7196-40CF-98F3-46B79E3B999E}
		{3DD89472-E438-42D3-A63D-6BF9C488A6B9} = {D6DEF224-7196-40CF-98F3-46B79E3B999E}
		{849CCF7B-60A8-4FA8-9914-46E86C3370BC} = {3987C5AC-9633-40DA-B00D-B01B56C0E511}
		{7CC29CD0-2247-463A-9489-50C51C1520DD} = {3987C5AC-9633-40DA-B00D-B01B56C0E511}
		{AF1503D1-1CC3-4139-8190-99E0CC9F7DA8} = {3987C5AC-9633-40DA-B00D-B01B56C0E511}
		{07D07EEB-23F1-463E-A1D6-49932FF7D976} = {F2FD168A-3874-442D-BE48-CB9F5EC7F755}
		{AC42757F-003D-42C0-942F-4C6D6C914E8D} = {F2FD168A-3874-442D-BE48-CB9F5EC7F755}
		{E5AAD9DF-6563-43C4-84CA-30D1E7B1B1D0} = {F2FD168A-3874-442D-BE48-CB9F5EC7F755}
	EndGlobalSection
	GlobalSection(ExtensibilityGlobals) = postSolution
		SolutionGuid = {0A67A1AD-46DF-4126-AF9D-4B41844843A8}
	EndGlobalSection
EndGlobal
